
Microsoft Visual Studio Solution File, Format Version 12.00
# Visual Studio 15
VisualStudioVersion = 15.0.28307.1758
MinimumVisualStudioVersion = 10.0.40219.1
Project("{F184B08F-C81C-45F6-A57F-5ABD9991F28F}") = "AccountsManagementForms", "AccountsManagementForms\AccountsManagementForms.vbproj", "{0A81C7C3-8AFA-4F8A-A043-74F8859DF320}"
EndProject
Project("{F184B08F-C81C-45F6-A57F-5ABD9991F28F}") = "AccountsManagementObjects", "AccountsManagementObjects\AccountsManagementObjects.vbproj", "{E38648F9-4B4B-4266-934A-DF5F602D6389}"
EndProject
Project("{F184B08F-C81C-45F6-A57F-5ABD9991F28F}") = "AccountsManagementLogic", "AccountsManagementLogic\AccountsManagementLogic.vbproj", "{DDEDBC45-E047-4E3F-8B9E-38B9C8EE0240}"
EndProject
Project("{F184B08F-C81C-45F6-A57F-5ABD9991F28F}") = "AccountsManagementDataAccess", "AccountsManagementDataAccess\AccountsManagementDataAccess.vbproj", "{8918AA3A-E3B9-4766-8936-93A7E6689538}"
EndProject
Project("{F184B08F-C81C-45F6-A57F-5ABD9991F28F}") = "Library.Core", "..\LDAP\Library.Core\Library.Core\Library.Core.vbproj", "{8BB28D0C-9CB8-4D21-A3C0-14ED46922E47}"
EndProject
Project("{F184B08F-C81C-45F6-A57F-5ABD9991F28F}") = "WESMLib.Auth", "..\LDAP\WESMLib.Auth\WESMLib.Auth\WESMLib.Auth.vbproj", "{D335B92F-681F-4E17-BE68-67937C89FF2C}"
EndProject
Project("{54435603-DBB4-11D2-8724-00A0C9A8B90C}") = "AMS LuzVis Installer Setup", "AMS LuzVis Installer Setup\AMS LuzVis Installer Setup.vdproj", "{41325905-4806-4DF9-ACB1-CBD0D5987AA9}"
EndProject
Project("{2150E333-8FDC-42A3-9474-1A3956D46DE8}") = "Solution Items", "Solution Items", "{A3FE4217-2CB1-41A5-AC1A-297DC1CA94C1}"
	ProjectSection(SolutionItems) = preProject
		README.txt = README.txt
	EndProjectSection
EndProject
Project("{54435603-DBB4-11D2-8724-00A0C9A8B90C}") = "AMS Mindanao Installer Setup", "AMS Mindanao Installer Setup\AMS Mindanao Installer Setup.vdproj", "{73DC7A34-1E23-44EA-8DB8-A7B2B9AE8A21}"
EndProject
Project("{54435603-DBB4-11D2-8724-00A0C9A8B90C}") = "AMS LVM Installer Setup", "AMS LVM Installer Setup\AMS LVM Installer Setup.vdproj", "{09B4FC2F-123E-4F9A-AB67-6117135B7ECB}"
EndProject
Global
	GlobalSection(SolutionConfigurationPlatforms) = preSolution
		CD_ROM|Any CPU = CD_ROM|Any CPU
		CD_ROM|Mixed Platforms = CD_ROM|Mixed Platforms
		CD_ROM|x64 = CD_ROM|x64
		CD_ROM|x86 = CD_ROM|x86
		Debug|Any CPU = Debug|Any CPU
		Debug|Mixed Platforms = Debug|Mixed Platforms
		Debug|x64 = Debug|x64
		Debug|x86 = Debug|x86
		DebugMOSTDB|Any CPU = DebugMOSTDB|Any CPU
		DebugMOSTDB|Mixed Platforms = DebugMOSTDB|Mixed Platforms
		DebugMOSTDB|x64 = DebugMOSTDB|x64
		DebugMOSTDB|x86 = DebugMOSTDB|x86
		DebugNoDelete|Any CPU = DebugNoDelete|Any CPU
		DebugNoDelete|Mixed Platforms = DebugNoDelete|Mixed Platforms
		DebugNoDelete|x64 = DebugNoDelete|x64
		DebugNoDelete|x86 = DebugNoDelete|x86
		DebugNoLR|Any CPU = DebugNoLR|Any CPU
		DebugNoLR|Mixed Platforms = DebugNoLR|Mixed Platforms
		DebugNoLR|x64 = DebugNoLR|x64
		DebugNoLR|x86 = DebugNoLR|x86
		DVD-5|Any CPU = DVD-5|Any CPU
		DVD-5|Mixed Platforms = DVD-5|Mixed Platforms
		DVD-5|x64 = DVD-5|x64
		DVD-5|x86 = DVD-5|x86
		Release|Any CPU = Release|Any CPU
		Release|Mixed Platforms = Release|Mixed Platforms
		Release|x64 = Release|x64
		Release|x86 = Release|x86
		ReleaseMostDB|Any CPU = ReleaseMostDB|Any CPU
		ReleaseMostDB|Mixed Platforms = ReleaseMostDB|Mixed Platforms
		ReleaseMostDB|x64 = ReleaseMostDB|x64
		ReleaseMostDB|x86 = ReleaseMostDB|x86
		SingleImage|Any CPU = SingleImage|Any CPU
		SingleImage|Mixed Platforms = SingleImage|Mixed Platforms
		SingleImage|x64 = SingleImage|x64
		SingleImage|x86 = SingleImage|x86
	EndGlobalSection
	GlobalSection(ProjectConfigurationPlatforms) = postSolution
		{0A81C7C3-8AFA-4F8A-A043-74F8859DF320}.CD_ROM|Any CPU.ActiveCfg = Release|Any CPU
		{0A81C7C3-8AFA-4F8A-A043-74F8859DF320}.CD_ROM|Any CPU.Build.0 = Release|Any CPU
		{0A81C7C3-8AFA-4F8A-A043-74F8859DF320}.CD_ROM|Mixed Platforms.ActiveCfg = Debug|x86
		{0A81C7C3-8AFA-4F8A-A043-74F8859DF320}.CD_ROM|Mixed Platforms.Build.0 = Debug|x86
		{0A81C7C3-8AFA-4F8A-A043-74F8859DF320}.CD_ROM|x64.ActiveCfg = Debug|Any CPU
		{0A81C7C3-8AFA-4F8A-A043-74F8859DF320}.CD_ROM|x86.ActiveCfg = Release|x86
		{0A81C7C3-8AFA-4F8A-A043-74F8859DF320}.Debug|Any CPU.ActiveCfg = Debug|Any CPU
		{0A81C7C3-8AFA-4F8A-A043-74F8859DF320}.Debug|Any CPU.Build.0 = Debug|Any CPU
		{0A81C7C3-8AFA-4F8A-A043-74F8859DF320}.Debug|Mixed Platforms.ActiveCfg = Debug|x86
		{0A81C7C3-8AFA-4F8A-A043-74F8859DF320}.Debug|Mixed Platforms.Build.0 = Debug|x86
		{0A81C7C3-8AFA-4F8A-A043-74F8859DF320}.Debug|x64.ActiveCfg = Debug|Any CPU
		{0A81C7C3-8AFA-4F8A-A043-74F8859DF320}.Debug|x86.ActiveCfg = Debug|Any CPU
		{0A81C7C3-8AFA-4F8A-A043-74F8859DF320}.Debug|x86.Build.0 = Debug|Any CPU
		{0A81C7C3-8AFA-4F8A-A043-74F8859DF320}.DebugMOSTDB|Any CPU.ActiveCfg = Debug|Any CPU
		{0A81C7C3-8AFA-4F8A-A043-74F8859DF320}.DebugMOSTDB|Any CPU.Build.0 = Debug|Any CPU
		{0A81C7C3-8AFA-4F8A-A043-74F8859DF320}.DebugMOSTDB|Mixed Platforms.ActiveCfg = Debug|x86
		{0A81C7C3-8AFA-4F8A-A043-74F8859DF320}.DebugMOSTDB|Mixed Platforms.Build.0 = Debug|x86
		{0A81C7C3-8AFA-4F8A-A043-74F8859DF320}.DebugMOSTDB|x64.ActiveCfg = Debug|Any CPU
		{0A81C7C3-8AFA-4F8A-A043-74F8859DF320}.DebugMOSTDB|x86.ActiveCfg = Debug|x86
		{0A81C7C3-8AFA-4F8A-A043-74F8859DF320}.DebugMOSTDB|x86.Build.0 = Debug|x86
		{0A81C7C3-8AFA-4F8A-A043-74F8859DF320}.DebugNoDelete|Any CPU.ActiveCfg = Debug|Any CPU
		{0A81C7C3-8AFA-4F8A-A043-74F8859DF320}.DebugNoDelete|Any CPU.Build.0 = Debug|Any CPU
		{0A81C7C3-8AFA-4F8A-A043-74F8859DF320}.DebugNoDelete|Mixed Platforms.ActiveCfg = Debug|x86
		{0A81C7C3-8AFA-4F8A-A043-74F8859DF320}.DebugNoDelete|Mixed Platforms.Build.0 = Debug|x86
		{0A81C7C3-8AFA-4F8A-A043-74F8859DF320}.DebugNoDelete|x64.ActiveCfg = Debug|Any CPU
		{0A81C7C3-8AFA-4F8A-A043-74F8859DF320}.DebugNoDelete|x86.ActiveCfg = Debug|x86
		{0A81C7C3-8AFA-4F8A-A043-74F8859DF320}.DebugNoDelete|x86.Build.0 = Debug|x86
		{0A81C7C3-8AFA-4F8A-A043-74F8859DF320}.DebugNoLR|Any CPU.ActiveCfg = Debug|Any CPU
		{0A81C7C3-8AFA-4F8A-A043-74F8859DF320}.DebugNoLR|Any CPU.Build.0 = Debug|Any CPU
		{0A81C7C3-8AFA-4F8A-A043-74F8859DF320}.DebugNoLR|Mixed Platforms.ActiveCfg = Debug|x86
		{0A81C7C3-8AFA-4F8A-A043-74F8859DF320}.DebugNoLR|Mixed Platforms.Build.0 = Debug|x86
		{0A81C7C3-8AFA-4F8A-A043-74F8859DF320}.DebugNoLR|x64.ActiveCfg = Debug|Any CPU
		{0A81C7C3-8AFA-4F8A-A043-74F8859DF320}.DebugNoLR|x86.ActiveCfg = Debug|x86
		{0A81C7C3-8AFA-4F8A-A043-74F8859DF320}.DebugNoLR|x86.Build.0 = Debug|x86
		{0A81C7C3-8AFA-4F8A-A043-74F8859DF320}.DVD-5|Any CPU.ActiveCfg = Debug|Any CPU
		{0A81C7C3-8AFA-4F8A-A043-74F8859DF320}.DVD-5|Any CPU.Build.0 = Debug|Any CPU
		{0A81C7C3-8AFA-4F8A-A043-74F8859DF320}.DVD-5|Mixed Platforms.ActiveCfg = Debug|x86
		{0A81C7C3-8AFA-4F8A-A043-74F8859DF320}.DVD-5|Mixed Platforms.Build.0 = Debug|x86
		{0A81C7C3-8AFA-4F8A-A043-74F8859DF320}.DVD-5|x64.ActiveCfg = Debug|Any CPU
		{0A81C7C3-8AFA-4F8A-A043-74F8859DF320}.DVD-5|x86.ActiveCfg = Debug|x86
		{0A81C7C3-8AFA-4F8A-A043-74F8859DF320}.DVD-5|x86.Build.0 = Debug|x86
		{0A81C7C3-8AFA-4F8A-A043-74F8859DF320}.Release|Any CPU.ActiveCfg = Debug|Any CPU
		{0A81C7C3-8AFA-4F8A-A043-74F8859DF320}.Release|Any CPU.Build.0 = Debug|Any CPU
		{0A81C7C3-8AFA-4F8A-A043-74F8859DF320}.Release|Mixed Platforms.ActiveCfg = Release|x86
		{0A81C7C3-8AFA-4F8A-A043-74F8859DF320}.Release|Mixed Platforms.Build.0 = Release|x86
		{0A81C7C3-8AFA-4F8A-A043-74F8859DF320}.Release|x64.ActiveCfg = Release|x64
		{0A81C7C3-8AFA-4F8A-A043-74F8859DF320}.Release|x64.Build.0 = Release|x64
		{0A81C7C3-8AFA-4F8A-A043-74F8859DF320}.Release|x86.ActiveCfg = Release|x86
		{0A81C7C3-8AFA-4F8A-A043-74F8859DF320}.Release|x86.Build.0 = Release|x86
		{0A81C7C3-8AFA-4F8A-A043-74F8859DF320}.ReleaseMostDB|Any CPU.ActiveCfg = Release|Any CPU
		{0A81C7C3-8AFA-4F8A-A043-74F8859DF320}.ReleaseMostDB|Any CPU.Build.0 = Release|Any CPU
		{0A81C7C3-8AFA-4F8A-A043-74F8859DF320}.ReleaseMostDB|Mixed Platforms.ActiveCfg = Release|x86
		{0A81C7C3-8AFA-4F8A-A043-74F8859DF320}.ReleaseMostDB|Mixed Platforms.Build.0 = Release|x86
		{0A81C7C3-8AFA-4F8A-A043-74F8859DF320}.ReleaseMostDB|x64.ActiveCfg = Release|Any CPU
		{0A81C7C3-8AFA-4F8A-A043-74F8859DF320}.ReleaseMostDB|x86.ActiveCfg = Release|x86
		{0A81C7C3-8AFA-4F8A-A043-74F8859DF320}.ReleaseMostDB|x86.Build.0 = Release|x86
		{0A81C7C3-8AFA-4F8A-A043-74F8859DF320}.SingleImage|Any CPU.ActiveCfg = Debug|Any CPU
		{0A81C7C3-8AFA-4F8A-A043-74F8859DF320}.SingleImage|Any CPU.Build.0 = Debug|Any CPU
		{0A81C7C3-8AFA-4F8A-A043-74F8859DF320}.SingleImage|Mixed Platforms.ActiveCfg = Debug|x86
		{0A81C7C3-8AFA-4F8A-A043-74F8859DF320}.SingleImage|Mixed Platforms.Build.0 = Debug|x86
		{0A81C7C3-8AFA-4F8A-A043-74F8859DF320}.SingleImage|x64.ActiveCfg = Debug|Any CPU
		{0A81C7C3-8AFA-4F8A-A043-74F8859DF320}.SingleImage|x86.ActiveCfg = Debug|x86
		{0A81C7C3-8AFA-4F8A-A043-74F8859DF320}.SingleImage|x86.Build.0 = Debug|x86
		{E38648F9-4B4B-4266-934A-DF5F602D6389}.CD_ROM|Any CPU.ActiveCfg = Release|Any CPU
		{E38648F9-4B4B-4266-934A-DF5F602D6389}.CD_ROM|Mixed Platforms.ActiveCfg = Debug|x86
		{E38648F9-4B4B-4266-934A-DF5F602D6389}.CD_ROM|Mixed Platforms.Build.0 = Debug|x86
		{E38648F9-4B4B-4266-934A-DF5F602D6389}.CD_ROM|x64.ActiveCfg = Debug|Any CPU
		{E38648F9-4B4B-4266-934A-DF5F602D6389}.CD_ROM|x86.ActiveCfg = Release|x86
		{E38648F9-4B4B-4266-934A-DF5F602D6389}.Debug|Any CPU.ActiveCfg = Debug|Any CPU
		{E38648F9-4B4B-4266-934A-DF5F602D6389}.Debug|Any CPU.Build.0 = Debug|Any CPU
		{E38648F9-4B4B-4266-934A-DF5F602D6389}.Debug|Mixed Platforms.ActiveCfg = Debug|x86
		{E38648F9-4B4B-4266-934A-DF5F602D6389}.Debug|Mixed Platforms.Build.0 = Debug|x86
		{E38648F9-4B4B-4266-934A-DF5F602D6389}.Debug|x64.ActiveCfg = Debug|Any CPU
		{E38648F9-4B4B-4266-934A-DF5F602D6389}.Debug|x86.ActiveCfg = Debug|Any CPU
		{E38648F9-4B4B-4266-934A-DF5F602D6389}.Debug|x86.Build.0 = Debug|Any CPU
		{E38648F9-4B4B-4266-934A-DF5F602D6389}.DebugMOSTDB|Any CPU.ActiveCfg = Debug|Any CPU
		{E38648F9-4B4B-4266-934A-DF5F602D6389}.DebugMOSTDB|Any CPU.Build.0 = Debug|Any CPU
		{E38648F9-4B4B-4266-934A-DF5F602D6389}.DebugMOSTDB|Mixed Platforms.ActiveCfg = Debug|x86
		{E38648F9-4B4B-4266-934A-DF5F602D6389}.DebugMOSTDB|Mixed Platforms.Build.0 = Debug|x86
		{E38648F9-4B4B-4266-934A-DF5F602D6389}.DebugMOSTDB|x64.ActiveCfg = Debug|Any CPU
		{E38648F9-4B4B-4266-934A-DF5F602D6389}.DebugMOSTDB|x86.ActiveCfg = Debug|x86
		{E38648F9-4B4B-4266-934A-DF5F602D6389}.DebugMOSTDB|x86.Build.0 = Debug|x86
		{E38648F9-4B4B-4266-934A-DF5F602D6389}.DebugNoDelete|Any CPU.ActiveCfg = Debug|Any CPU
		{E38648F9-4B4B-4266-934A-DF5F602D6389}.DebugNoDelete|Any CPU.Build.0 = Debug|Any CPU
		{E38648F9-4B4B-4266-934A-DF5F602D6389}.DebugNoDelete|Mixed Platforms.ActiveCfg = Debug|x86
		{E38648F9-4B4B-4266-934A-DF5F602D6389}.DebugNoDelete|Mixed Platforms.Build.0 = Debug|x86
		{E38648F9-4B4B-4266-934A-DF5F602D6389}.DebugNoDelete|x64.ActiveCfg = Debug|Any CPU
		{E38648F9-4B4B-4266-934A-DF5F602D6389}.DebugNoDelete|x86.ActiveCfg = Debug|x86
		{E38648F9-4B4B-4266-934A-DF5F602D6389}.DebugNoDelete|x86.Build.0 = Debug|x86
		{E38648F9-4B4B-4266-934A-DF5F602D6389}.DebugNoLR|Any CPU.ActiveCfg = Debug|Any CPU
		{E38648F9-4B4B-4266-934A-DF5F602D6389}.DebugNoLR|Any CPU.Build.0 = Debug|Any CPU
		{E38648F9-4B4B-4266-934A-DF5F602D6389}.DebugNoLR|Mixed Platforms.ActiveCfg = Debug|x86
		{E38648F9-4B4B-4266-934A-DF5F602D6389}.DebugNoLR|Mixed Platforms.Build.0 = Debug|x86
		{E38648F9-4B4B-4266-934A-DF5F602D6389}.DebugNoLR|x64.ActiveCfg = Debug|Any CPU
		{E38648F9-4B4B-4266-934A-DF5F602D6389}.DebugNoLR|x86.ActiveCfg = Debug|x86
		{E38648F9-4B4B-4266-934A-DF5F602D6389}.DebugNoLR|x86.Build.0 = Debug|x86
		{E38648F9-4B4B-4266-934A-DF5F602D6389}.DVD-5|Any CPU.ActiveCfg = Debug|Any CPU
		{E38648F9-4B4B-4266-934A-DF5F602D6389}.DVD-5|Any CPU.Build.0 = Debug|Any CPU
		{E38648F9-4B4B-4266-934A-DF5F602D6389}.DVD-5|Mixed Platforms.ActiveCfg = Debug|x86
		{E38648F9-4B4B-4266-934A-DF5F602D6389}.DVD-5|Mixed Platforms.Build.0 = Debug|x86
		{E38648F9-4B4B-4266-934A-DF5F602D6389}.DVD-5|x64.ActiveCfg = Debug|Any CPU
		{E38648F9-4B4B-4266-934A-DF5F602D6389}.DVD-5|x86.ActiveCfg = Debug|x86
		{E38648F9-4B4B-4266-934A-DF5F602D6389}.DVD-5|x86.Build.0 = Debug|x86
		{E38648F9-4B4B-4266-934A-DF5F602D6389}.Release|Any CPU.ActiveCfg = Debug|Any CPU
		{E38648F9-4B4B-4266-934A-DF5F602D6389}.Release|Any CPU.Build.0 = Debug|Any CPU
		{E38648F9-4B4B-4266-934A-DF5F602D6389}.Release|Mixed Platforms.ActiveCfg = Release|x86
		{E38648F9-4B4B-4266-934A-DF5F602D6389}.Release|Mixed Platforms.Build.0 = Release|x86
		{E38648F9-4B4B-4266-934A-DF5F602D6389}.Release|x64.ActiveCfg = Release|x64
		{E38648F9-4B4B-4266-934A-DF5F602D6389}.Release|x64.Build.0 = Release|x64
		{E38648F9-4B4B-4266-934A-DF5F602D6389}.Release|x86.ActiveCfg = Release|x86
		{E38648F9-4B4B-4266-934A-DF5F602D6389}.Release|x86.Build.0 = Release|x86
		{E38648F9-4B4B-4266-934A-DF5F602D6389}.ReleaseMostDB|Any CPU.ActiveCfg = Release|Any CPU
		{E38648F9-4B4B-4266-934A-DF5F602D6389}.ReleaseMostDB|Any CPU.Build.0 = Release|Any CPU
		{E38648F9-4B4B-4266-934A-DF5F602D6389}.ReleaseMostDB|Mixed Platforms.ActiveCfg = Release|x86
		{E38648F9-4B4B-4266-934A-DF5F602D6389}.ReleaseMostDB|Mixed Platforms.Build.0 = Release|x86
		{E38648F9-4B4B-4266-934A-DF5F602D6389}.ReleaseMostDB|x64.ActiveCfg = Release|Any CPU
		{E38648F9-4B4B-4266-934A-DF5F602D6389}.ReleaseMostDB|x86.ActiveCfg = Release|x86
		{E38648F9-4B4B-4266-934A-DF5F602D6389}.ReleaseMostDB|x86.Build.0 = Release|x86
		{E38648F9-4B4B-4266-934A-DF5F602D6389}.SingleImage|Any CPU.ActiveCfg = Debug|Any CPU
		{E38648F9-4B4B-4266-934A-DF5F602D6389}.SingleImage|Any CPU.Build.0 = Debug|Any CPU
		{E38648F9-4B4B-4266-934A-DF5F602D6389}.SingleImage|Mixed Platforms.ActiveCfg = Debug|x86
		{E38648F9-4B4B-4266-934A-DF5F602D6389}.SingleImage|Mixed Platforms.Build.0 = Debug|x86
		{E38648F9-4B4B-4266-934A-DF5F602D6389}.SingleImage|x64.ActiveCfg = Debug|Any CPU
		{E38648F9-4B4B-4266-934A-DF5F602D6389}.SingleImage|x86.ActiveCfg = Debug|x86
		{E38648F9-4B4B-4266-934A-DF5F602D6389}.SingleImage|x86.Build.0 = Debug|x86
		{DDEDBC45-E047-4E3F-8B9E-38B9C8EE0240}.CD_ROM|Any CPU.ActiveCfg = Release|Any CPU
		{DDEDBC45-E047-4E3F-8B9E-38B9C8EE0240}.CD_ROM|Mixed Platforms.ActiveCfg = Debug|x86
		{DDEDBC45-E047-4E3F-8B9E-38B9C8EE0240}.CD_ROM|Mixed Platforms.Build.0 = Debug|x86
		{DDEDBC45-E047-4E3F-8B9E-38B9C8EE0240}.CD_ROM|x64.ActiveCfg = Debug|Any CPU
		{DDEDBC45-E047-4E3F-8B9E-38B9C8EE0240}.CD_ROM|x86.ActiveCfg = Release|x86
		{DDEDBC45-E047-4E3F-8B9E-38B9C8EE0240}.Debug|Any CPU.ActiveCfg = Debug|Any CPU
		{DDEDBC45-E047-4E3F-8B9E-38B9C8EE0240}.Debug|Any CPU.Build.0 = Debug|Any CPU
		{DDEDBC45-E047-4E3F-8B9E-38B9C8EE0240}.Debug|Mixed Platforms.ActiveCfg = Debug|x86
		{DDEDBC45-E047-4E3F-8B9E-38B9C8EE0240}.Debug|Mixed Platforms.Build.0 = Debug|x86
		{DDEDBC45-E047-4E3F-8B9E-38B9C8EE0240}.Debug|x64.ActiveCfg = Debug|Any CPU
		{DDEDBC45-E047-4E3F-8B9E-38B9C8EE0240}.Debug|x86.ActiveCfg = Debug|Any CPU
		{DDEDBC45-E047-4E3F-8B9E-38B9C8EE0240}.Debug|x86.Build.0 = Debug|Any CPU
		{DDEDBC45-E047-4E3F-8B9E-38B9C8EE0240}.DebugMOSTDB|Any CPU.ActiveCfg = Debug|Any CPU
		{DDEDBC45-E047-4E3F-8B9E-38B9C8EE0240}.DebugMOSTDB|Any CPU.Build.0 = Debug|Any CPU
		{DDEDBC45-E047-4E3F-8B9E-38B9C8EE0240}.DebugMOSTDB|Mixed Platforms.ActiveCfg = Debug|x86
		{DDEDBC45-E047-4E3F-8B9E-38B9C8EE0240}.DebugMOSTDB|Mixed Platforms.Build.0 = Debug|x86
		{DDEDBC45-E047-4E3F-8B9E-38B9C8EE0240}.DebugMOSTDB|x64.ActiveCfg = Debug|Any CPU
		{DDEDBC45-E047-4E3F-8B9E-38B9C8EE0240}.DebugMOSTDB|x86.ActiveCfg = Debug|x86
		{DDEDBC45-E047-4E3F-8B9E-38B9C8EE0240}.DebugMOSTDB|x86.Build.0 = Debug|x86
		{DDEDBC45-E047-4E3F-8B9E-38B9C8EE0240}.DebugNoDelete|Any CPU.ActiveCfg = Debug|Any CPU
		{DDEDBC45-E047-4E3F-8B9E-38B9C8EE0240}.DebugNoDelete|Any CPU.Build.0 = Debug|Any CPU
		{DDEDBC45-E047-4E3F-8B9E-38B9C8EE0240}.DebugNoDelete|Mixed Platforms.ActiveCfg = Debug|x86
		{DDEDBC45-E047-4E3F-8B9E-38B9C8EE0240}.DebugNoDelete|Mixed Platforms.Build.0 = Debug|x86
		{DDEDBC45-E047-4E3F-8B9E-38B9C8EE0240}.DebugNoDelete|x64.ActiveCfg = Debug|Any CPU
		{DDEDBC45-E047-4E3F-8B9E-38B9C8EE0240}.DebugNoDelete|x86.ActiveCfg = Debug|x86
		{DDEDBC45-E047-4E3F-8B9E-38B9C8EE0240}.DebugNoDelete|x86.Build.0 = Debug|x86
		{DDEDBC45-E047-4E3F-8B9E-38B9C8EE0240}.DebugNoLR|Any CPU.ActiveCfg = Debug|Any CPU
		{DDEDBC45-E047-4E3F-8B9E-38B9C8EE0240}.DebugNoLR|Any CPU.Build.0 = Debug|Any CPU
		{DDEDBC45-E047-4E3F-8B9E-38B9C8EE0240}.DebugNoLR|Mixed Platforms.ActiveCfg = Debug|x86
		{DDEDBC45-E047-4E3F-8B9E-38B9C8EE0240}.DebugNoLR|Mixed Platforms.Build.0 = Debug|x86
		{DDEDBC45-E047-4E3F-8B9E-38B9C8EE0240}.DebugNoLR|x64.ActiveCfg = Debug|Any CPU
		{DDEDBC45-E047-4E3F-8B9E-38B9C8EE0240}.DebugNoLR|x86.ActiveCfg = Debug|x86
		{DDEDBC45-E047-4E3F-8B9E-38B9C8EE0240}.DebugNoLR|x86.Build.0 = Debug|x86
		{DDEDBC45-E047-4E3F-8B9E-38B9C8EE0240}.DVD-5|Any CPU.ActiveCfg = Debug|Any CPU
		{DDEDBC45-E047-4E3F-8B9E-38B9C8EE0240}.DVD-5|Any CPU.Build.0 = Debug|Any CPU
		{DDEDBC45-E047-4E3F-8B9E-38B9C8EE0240}.DVD-5|Mixed Platforms.ActiveCfg = Debug|x86
		{DDEDBC45-E047-4E3F-8B9E-38B9C8EE0240}.DVD-5|Mixed Platforms.Build.0 = Debug|x86
		{DDEDBC45-E047-4E3F-8B9E-38B9C8EE0240}.DVD-5|x64.ActiveCfg = Debug|Any CPU
		{DDEDBC45-E047-4E3F-8B9E-38B9C8EE0240}.DVD-5|x86.ActiveCfg = Debug|x86
		{DDEDBC45-E047-4E3F-8B9E-38B9C8EE0240}.DVD-5|x86.Build.0 = Debug|x86
		{DDEDBC45-E047-4E3F-8B9E-38B9C8EE0240}.Release|Any CPU.ActiveCfg = Debug|Any CPU
		{DDEDBC45-E047-4E3F-8B9E-38B9C8EE0240}.Release|Any CPU.Build.0 = Debug|Any CPU
		{DDEDBC45-E047-4E3F-8B9E-38B9C8EE0240}.Release|Mixed Platforms.ActiveCfg = Release|x86
		{DDEDBC45-E047-4E3F-8B9E-38B9C8EE0240}.Release|Mixed Platforms.Build.0 = Release|x86
		{DDEDBC45-E047-4E3F-8B9E-38B9C8EE0240}.Release|x64.ActiveCfg = Release|x64
		{DDEDBC45-E047-4E3F-8B9E-38B9C8EE0240}.Release|x64.Build.0 = Release|x64
		{DDEDBC45-E047-4E3F-8B9E-38B9C8EE0240}.Release|x86.ActiveCfg = Release|x86
		{DDEDBC45-E047-4E3F-8B9E-38B9C8EE0240}.Release|x86.Build.0 = Release|x86
		{DDEDBC45-E047-4E3F-8B9E-38B9C8EE0240}.ReleaseMostDB|Any CPU.ActiveCfg = Release|Any CPU
		{DDEDBC45-E047-4E3F-8B9E-38B9C8EE0240}.ReleaseMostDB|Any CPU.Build.0 = Release|Any CPU
		{DDEDBC45-E047-4E3F-8B9E-38B9C8EE0240}.ReleaseMostDB|Mixed Platforms.ActiveCfg = Release|x86
		{DDEDBC45-E047-4E3F-8B9E-38B9C8EE0240}.ReleaseMostDB|Mixed Platforms.Build.0 = Release|x86
		{DDEDBC45-E047-4E3F-8B9E-38B9C8EE0240}.ReleaseMostDB|x64.ActiveCfg = Release|Any CPU
		{DDEDBC45-E047-4E3F-8B9E-38B9C8EE0240}.ReleaseMostDB|x86.ActiveCfg = Release|x86
		{DDEDBC45-E047-4E3F-8B9E-38B9C8EE0240}.ReleaseMostDB|x86.Build.0 = Release|x86
		{DDEDBC45-E047-4E3F-8B9E-38B9C8EE0240}.SingleImage|Any CPU.ActiveCfg = Debug|Any CPU
		{DDEDBC45-E047-4E3F-8B9E-38B9C8EE0240}.SingleImage|Any CPU.Build.0 = Debug|Any CPU
		{DDEDBC45-E047-4E3F-8B9E-38B9C8EE0240}.SingleImage|Mixed Platforms.ActiveCfg = Debug|x86
		{DDEDBC45-E047-4E3F-8B9E-38B9C8EE0240}.SingleImage|Mixed Platforms.Build.0 = Debug|x86
		{DDEDBC45-E047-4E3F-8B9E-38B9C8EE0240}.SingleImage|x64.ActiveCfg = Debug|Any CPU
		{DDEDBC45-E047-4E3F-8B9E-38B9C8EE0240}.SingleImage|x86.ActiveCfg = Debug|x86
		{DDEDBC45-E047-4E3F-8B9E-38B9C8EE0240}.SingleImage|x86.Build.0 = Debug|x86
		{8918AA3A-E3B9-4766-8936-93A7E6689538}.CD_ROM|Any CPU.ActiveCfg = Release|Any CPU
		{8918AA3A-E3B9-4766-8936-93A7E6689538}.CD_ROM|Mixed Platforms.ActiveCfg = Debug|x86
		{8918AA3A-E3B9-4766-8936-93A7E6689538}.CD_ROM|Mixed Platforms.Build.0 = Debug|x86
		{8918AA3A-E3B9-4766-8936-93A7E6689538}.CD_ROM|x64.ActiveCfg = Debug|Any CPU
		{8918AA3A-E3B9-4766-8936-93A7E6689538}.CD_ROM|x86.ActiveCfg = Release|x86
		{8918AA3A-E3B9-4766-8936-93A7E6689538}.Debug|Any CPU.ActiveCfg = Debug|Any CPU
		{8918AA3A-E3B9-4766-8936-93A7E6689538}.Debug|Any CPU.Build.0 = Debug|Any CPU
		{8918AA3A-E3B9-4766-8936-93A7E6689538}.Debug|Mixed Platforms.ActiveCfg = Debug|x86
		{8918AA3A-E3B9-4766-8936-93A7E6689538}.Debug|Mixed Platforms.Build.0 = Debug|x86
		{8918AA3A-E3B9-4766-8936-93A7E6689538}.Debug|x64.ActiveCfg = Debug|Any CPU
		{8918AA3A-E3B9-4766-8936-93A7E6689538}.Debug|x86.ActiveCfg = Debug|Any CPU
		{8918AA3A-E3B9-4766-8936-93A7E6689538}.Debug|x86.Build.0 = Debug|Any CPU
		{8918AA3A-E3B9-4766-8936-93A7E6689538}.DebugMOSTDB|Any CPU.ActiveCfg = Debug|Any CPU
		{8918AA3A-E3B9-4766-8936-93A7E6689538}.DebugMOSTDB|Any CPU.Build.0 = Debug|Any CPU
		{8918AA3A-E3B9-4766-8936-93A7E6689538}.DebugMOSTDB|Mixed Platforms.ActiveCfg = Debug|x86
		{8918AA3A-E3B9-4766-8936-93A7E6689538}.DebugMOSTDB|Mixed Platforms.Build.0 = Debug|x86
		{8918AA3A-E3B9-4766-8936-93A7E6689538}.DebugMOSTDB|x64.ActiveCfg = Debug|Any CPU
		{8918AA3A-E3B9-4766-8936-93A7E6689538}.DebugMOSTDB|x86.ActiveCfg = Debug|x86
		{8918AA3A-E3B9-4766-8936-93A7E6689538}.DebugMOSTDB|x86.Build.0 = Debug|x86
		{8918AA3A-E3B9-4766-8936-93A7E6689538}.DebugNoDelete|Any CPU.ActiveCfg = Debug|Any CPU
		{8918AA3A-E3B9-4766-8936-93A7E6689538}.DebugNoDelete|Any CPU.Build.0 = Debug|Any CPU
		{8918AA3A-E3B9-4766-8936-93A7E6689538}.DebugNoDelete|Mixed Platforms.ActiveCfg = Debug|x86
		{8918AA3A-E3B9-4766-8936-93A7E6689538}.DebugNoDelete|Mixed Platforms.Build.0 = Debug|x86
		{8918AA3A-E3B9-4766-8936-93A7E6689538}.DebugNoDelete|x64.ActiveCfg = Debug|Any CPU
		{8918AA3A-E3B9-4766-8936-93A7E6689538}.DebugNoDelete|x86.ActiveCfg = Debug|x86
		{8918AA3A-E3B9-4766-8936-93A7E6689538}.DebugNoDelete|x86.Build.0 = Debug|x86
		{8918AA3A-E3B9-4766-8936-93A7E6689538}.DebugNoLR|Any CPU.ActiveCfg = Debug|Any CPU
		{8918AA3A-E3B9-4766-8936-93A7E6689538}.DebugNoLR|Any CPU.Build.0 = Debug|Any CPU
		{8918AA3A-E3B9-4766-8936-93A7E6689538}.DebugNoLR|Mixed Platforms.ActiveCfg = Debug|x86
		{8918AA3A-E3B9-4766-8936-93A7E6689538}.DebugNoLR|Mixed Platforms.Build.0 = Debug|x86
		{8918AA3A-E3B9-4766-8936-93A7E6689538}.DebugNoLR|x64.ActiveCfg = Debug|Any CPU
		{8918AA3A-E3B9-4766-8936-93A7E6689538}.DebugNoLR|x86.ActiveCfg = Debug|x86
		{8918AA3A-E3B9-4766-8936-93A7E6689538}.DebugNoLR|x86.Build.0 = Debug|x86
		{8918AA3A-E3B9-4766-8936-93A7E6689538}.DVD-5|Any CPU.ActiveCfg = Debug|Any CPU
		{8918AA3A-E3B9-4766-8936-93A7E6689538}.DVD-5|Any CPU.Build.0 = Debug|Any CPU
		{8918AA3A-E3B9-4766-8936-93A7E6689538}.DVD-5|Mixed Platforms.ActiveCfg = Debug|x86
		{8918AA3A-E3B9-4766-8936-93A7E6689538}.DVD-5|Mixed Platforms.Build.0 = Debug|x86
		{8918AA3A-E3B9-4766-8936-93A7E6689538}.DVD-5|x64.ActiveCfg = Debug|Any CPU
		{8918AA3A-E3B9-4766-8936-93A7E6689538}.DVD-5|x86.ActiveCfg = Debug|x86
		{8918AA3A-E3B9-4766-8936-93A7E6689538}.DVD-5|x86.Build.0 = Debug|x86
		{8918AA3A-E3B9-4766-8936-93A7E6689538}.Release|Any CPU.ActiveCfg = Debug|Any CPU
		{8918AA3A-E3B9-4766-8936-93A7E6689538}.Release|Any CPU.Build.0 = Debug|Any CPU
		{8918AA3A-E3B9-4766-8936-93A7E6689538}.Release|Mixed Platforms.ActiveCfg = Release|x86
		{8918AA3A-E3B9-4766-8936-93A7E6689538}.Release|Mixed Platforms.Build.0 = Release|x86
		{8918AA3A-E3B9-4766-8936-93A7E6689538}.Release|x64.ActiveCfg = Release|x64
		{8918AA3A-E3B9-4766-8936-93A7E6689538}.Release|x64.Build.0 = Release|x64
		{8918AA3A-E3B9-4766-8936-93A7E6689538}.Release|x86.ActiveCfg = Release|x86
		{8918AA3A-E3B9-4766-8936-93A7E6689538}.Release|x86.Build.0 = Release|x86
		{8918AA3A-E3B9-4766-8936-93A7E6689538}.ReleaseMostDB|Any CPU.ActiveCfg = Release|Any CPU
		{8918AA3A-E3B9-4766-8936-93A7E6689538}.ReleaseMostDB|Any CPU.Build.0 = Release|Any CPU
		{8918AA3A-E3B9-4766-8936-93A7E6689538}.ReleaseMostDB|Mixed Platforms.ActiveCfg = Release|x86
		{8918AA3A-E3B9-4766-8936-93A7E6689538}.ReleaseMostDB|Mixed Platforms.Build.0 = Release|x86
		{8918AA3A-E3B9-4766-8936-93A7E6689538}.ReleaseMostDB|x64.ActiveCfg = Release|Any CPU
		{8918AA3A-E3B9-4766-8936-93A7E6689538}.ReleaseMostDB|x86.ActiveCfg = Release|x86
		{8918AA3A-E3B9-4766-8936-93A7E6689538}.ReleaseMostDB|x86.Build.0 = Release|x86
		{8918AA3A-E3B9-4766-8936-93A7E6689538}.SingleImage|Any CPU.ActiveCfg = Debug|Any CPU
		{8918AA3A-E3B9-4766-8936-93A7E6689538}.SingleImage|Any CPU.Build.0 = Debug|Any CPU
		{8918AA3A-E3B9-4766-8936-93A7E6689538}.SingleImage|Mixed Platforms.ActiveCfg = Debug|x86
		{8918AA3A-E3B9-4766-8936-93A7E6689538}.SingleImage|Mixed Platforms.Build.0 = Debug|x86
		{8918AA3A-E3B9-4766-8936-93A7E6689538}.SingleImage|x64.ActiveCfg = Debug|Any CPU
		{8918AA3A-E3B9-4766-8936-93A7E6689538}.SingleImage|x86.ActiveCfg = Debug|x86
		{8918AA3A-E3B9-4766-8936-93A7E6689538}.SingleImage|x86.Build.0 = Debug|x86
		{8BB28D0C-9CB8-4D21-A3C0-14ED46922E47}.CD_ROM|Any CPU.ActiveCfg = Release|Any CPU
		{8BB28D0C-9CB8-4D21-A3C0-14ED46922E47}.CD_ROM|Any CPU.Build.0 = Release|Any CPU
		{8BB28D0C-9CB8-4D21-A3C0-14ED46922E47}.CD_ROM|Mixed Platforms.ActiveCfg = Release|x86
		{8BB28D0C-9CB8-4D21-A3C0-14ED46922E47}.CD_ROM|Mixed Platforms.Build.0 = Release|x86
		{8BB28D0C-9CB8-4D21-A3C0-14ED46922E47}.CD_ROM|x64.ActiveCfg = Release|x64
		{8BB28D0C-9CB8-4D21-A3C0-14ED46922E47}.CD_ROM|x64.Build.0 = Release|x64
		{8BB28D0C-9CB8-4D21-A3C0-14ED46922E47}.CD_ROM|x86.ActiveCfg = Release|x86
		{8BB28D0C-9CB8-4D21-A3C0-14ED46922E47}.CD_ROM|x86.Build.0 = Release|x86
		{8BB28D0C-9CB8-4D21-A3C0-14ED46922E47}.Debug|Any CPU.ActiveCfg = Debug|Any CPU
		{8BB28D0C-9CB8-4D21-A3C0-14ED46922E47}.Debug|Any CPU.Build.0 = Debug|Any CPU
		{8BB28D0C-9CB8-4D21-A3C0-14ED46922E47}.Debug|Mixed Platforms.ActiveCfg = Debug|x86
		{8BB28D0C-9CB8-4D21-A3C0-14ED46922E47}.Debug|Mixed Platforms.Build.0 = Debug|x86
		{8BB28D0C-9CB8-4D21-A3C0-14ED46922E47}.Debug|x64.ActiveCfg = Debug|Any CPU
		{8BB28D0C-9CB8-4D21-A3C0-14ED46922E47}.Debug|x86.ActiveCfg = Debug|Any CPU
		{8BB28D0C-9CB8-4D21-A3C0-14ED46922E47}.Debug|x86.Build.0 = Debug|Any CPU
		{8BB28D0C-9CB8-4D21-A3C0-14ED46922E47}.DebugMOSTDB|Any CPU.ActiveCfg = Debug|Any CPU
		{8BB28D0C-9CB8-4D21-A3C0-14ED46922E47}.DebugMOSTDB|Any CPU.Build.0 = Debug|Any CPU
		{8BB28D0C-9CB8-4D21-A3C0-14ED46922E47}.DebugMOSTDB|Mixed Platforms.ActiveCfg = Debug|x86
		{8BB28D0C-9CB8-4D21-A3C0-14ED46922E47}.DebugMOSTDB|Mixed Platforms.Build.0 = Debug|x86
		{8BB28D0C-9CB8-4D21-A3C0-14ED46922E47}.DebugMOSTDB|x64.ActiveCfg = Debug|x64
		{8BB28D0C-9CB8-4D21-A3C0-14ED46922E47}.DebugMOSTDB|x64.Build.0 = Debug|x64
		{8BB28D0C-9CB8-4D21-A3C0-14ED46922E47}.DebugMOSTDB|x86.ActiveCfg = Debug|x86
		{8BB28D0C-9CB8-4D21-A3C0-14ED46922E47}.DebugMOSTDB|x86.Build.0 = Debug|x86
		{8BB28D0C-9CB8-4D21-A3C0-14ED46922E47}.DebugNoDelete|Any CPU.ActiveCfg = Debug|Any CPU
		{8BB28D0C-9CB8-4D21-A3C0-14ED46922E47}.DebugNoDelete|Any CPU.Build.0 = Debug|Any CPU
		{8BB28D0C-9CB8-4D21-A3C0-14ED46922E47}.DebugNoDelete|Mixed Platforms.ActiveCfg = Debug|x86
		{8BB28D0C-9CB8-4D21-A3C0-14ED46922E47}.DebugNoDelete|Mixed Platforms.Build.0 = Debug|x86
		{8BB28D0C-9CB8-4D21-A3C0-14ED46922E47}.DebugNoDelete|x64.ActiveCfg = Debug|x64
		{8BB28D0C-9CB8-4D21-A3C0-14ED46922E47}.DebugNoDelete|x64.Build.0 = Debug|x64
		{8BB28D0C-9CB8-4D21-A3C0-14ED46922E47}.DebugNoDelete|x86.ActiveCfg = Debug|x86
		{8BB28D0C-9CB8-4D21-A3C0-14ED46922E47}.DebugNoDelete|x86.Build.0 = Debug|x86
		{8BB28D0C-9CB8-4D21-A3C0-14ED46922E47}.DebugNoLR|Any CPU.ActiveCfg = Debug|Any CPU
		{8BB28D0C-9CB8-4D21-A3C0-14ED46922E47}.DebugNoLR|Any CPU.Build.0 = Debug|Any CPU
		{8BB28D0C-9CB8-4D21-A3C0-14ED46922E47}.DebugNoLR|Mixed Platforms.ActiveCfg = Debug|x86
		{8BB28D0C-9CB8-4D21-A3C0-14ED46922E47}.DebugNoLR|Mixed Platforms.Build.0 = Debug|x86
		{8BB28D0C-9CB8-4D21-A3C0-14ED46922E47}.DebugNoLR|x64.ActiveCfg = Debug|x64
		{8BB28D0C-9CB8-4D21-A3C0-14ED46922E47}.DebugNoLR|x64.Build.0 = Debug|x64
		{8BB28D0C-9CB8-4D21-A3C0-14ED46922E47}.DebugNoLR|x86.ActiveCfg = Debug|x86
		{8BB28D0C-9CB8-4D21-A3C0-14ED46922E47}.DebugNoLR|x86.Build.0 = Debug|x86
		{8BB28D0C-9CB8-4D21-A3C0-14ED46922E47}.DVD-5|Any CPU.ActiveCfg = Debug|Any CPU
		{8BB28D0C-9CB8-4D21-A3C0-14ED46922E47}.DVD-5|Any CPU.Build.0 = Debug|Any CPU
		{8BB28D0C-9CB8-4D21-A3C0-14ED46922E47}.DVD-5|Mixed Platforms.ActiveCfg = Debug|x86
		{8BB28D0C-9CB8-4D21-A3C0-14ED46922E47}.DVD-5|Mixed Platforms.Build.0 = Debug|x86
		{8BB28D0C-9CB8-4D21-A3C0-14ED46922E47}.DVD-5|x64.ActiveCfg = Debug|x64
		{8BB28D0C-9CB8-4D21-A3C0-14ED46922E47}.DVD-5|x64.Build.0 = Debug|x64
		{8BB28D0C-9CB8-4D21-A3C0-14ED46922E47}.DVD-5|x86.ActiveCfg = Debug|x86
		{8BB28D0C-9CB8-4D21-A3C0-14ED46922E47}.DVD-5|x86.Build.0 = Debug|x86
		{8BB28D0C-9CB8-4D21-A3C0-14ED46922E47}.Release|Any CPU.ActiveCfg = Debug|Any CPU
		{8BB28D0C-9CB8-4D21-A3C0-14ED46922E47}.Release|Any CPU.Build.0 = Debug|Any CPU
		{8BB28D0C-9CB8-4D21-A3C0-14ED46922E47}.Release|Mixed Platforms.ActiveCfg = Release|x86
		{8BB28D0C-9CB8-4D21-A3C0-14ED46922E47}.Release|Mixed Platforms.Build.0 = Release|x86
		{8BB28D0C-9CB8-4D21-A3C0-14ED46922E47}.Release|x64.ActiveCfg = Release|x64
		{8BB28D0C-9CB8-4D21-A3C0-14ED46922E47}.Release|x64.Build.0 = Release|x64
		{8BB28D0C-9CB8-4D21-A3C0-14ED46922E47}.Release|x86.ActiveCfg = Release|x86
		{8BB28D0C-9CB8-4D21-A3C0-14ED46922E47}.Release|x86.Build.0 = Release|x86
		{8BB28D0C-9CB8-4D21-A3C0-14ED46922E47}.ReleaseMostDB|Any CPU.ActiveCfg = Release|Any CPU
		{8BB28D0C-9CB8-4D21-A3C0-14ED46922E47}.ReleaseMostDB|Any CPU.Build.0 = Release|Any CPU
		{8BB28D0C-9CB8-4D21-A3C0-14ED46922E47}.ReleaseMostDB|Mixed Platforms.ActiveCfg = Release|x86
		{8BB28D0C-9CB8-4D21-A3C0-14ED46922E47}.ReleaseMostDB|Mixed Platforms.Build.0 = Release|x86
		{8BB28D0C-9CB8-4D21-A3C0-14ED46922E47}.ReleaseMostDB|x64.ActiveCfg = Release|x64
		{8BB28D0C-9CB8-4D21-A3C0-14ED46922E47}.ReleaseMostDB|x64.Build.0 = Release|x64
		{8BB28D0C-9CB8-4D21-A3C0-14ED46922E47}.ReleaseMostDB|x86.ActiveCfg = Release|x86
		{8BB28D0C-9CB8-4D21-A3C0-14ED46922E47}.ReleaseMostDB|x86.Build.0 = Release|x86
		{8BB28D0C-9CB8-4D21-A3C0-14ED46922E47}.SingleImage|Any CPU.ActiveCfg = Release|Any CPU
		{8BB28D0C-9CB8-4D21-A3C0-14ED46922E47}.SingleImage|Any CPU.Build.0 = Release|Any CPU
		{8BB28D0C-9CB8-4D21-A3C0-14ED46922E47}.SingleImage|Mixed Platforms.ActiveCfg = Release|x86
		{8BB28D0C-9CB8-4D21-A3C0-14ED46922E47}.SingleImage|Mixed Platforms.Build.0 = Release|x86
		{8BB28D0C-9CB8-4D21-A3C0-14ED46922E47}.SingleImage|x64.ActiveCfg = Release|x64
		{8BB28D0C-9CB8-4D21-A3C0-14ED46922E47}.SingleImage|x64.Build.0 = Release|x64
		{8BB28D0C-9CB8-4D21-A3C0-14ED46922E47}.SingleImage|x86.ActiveCfg = Release|x86
		{8BB28D0C-9CB8-4D21-A3C0-14ED46922E47}.SingleImage|x86.Build.0 = Release|x86
		{D335B92F-681F-4E17-BE68-67937C89FF2C}.CD_ROM|Any CPU.ActiveCfg = Release|Any CPU
		{D335B92F-681F-4E17-BE68-67937C89FF2C}.CD_ROM|Any CPU.Build.0 = Release|Any CPU
		{D335B92F-681F-4E17-BE68-67937C89FF2C}.CD_ROM|Mixed Platforms.ActiveCfg = Release|Any CPU
		{D335B92F-681F-4E17-BE68-67937C89FF2C}.CD_ROM|Mixed Platforms.Build.0 = Release|Any CPU
		{D335B92F-681F-4E17-BE68-67937C89FF2C}.CD_ROM|x64.ActiveCfg = Release|Any CPU
		{D335B92F-681F-4E17-BE68-67937C89FF2C}.CD_ROM|x86.ActiveCfg = Release|Any CPU
		{D335B92F-681F-4E17-BE68-67937C89FF2C}.Debug|Any CPU.ActiveCfg = Debug|Any CPU
		{D335B92F-681F-4E17-BE68-67937C89FF2C}.Debug|Any CPU.Build.0 = Debug|Any CPU
		{D335B92F-681F-4E17-BE68-67937C89FF2C}.Debug|Mixed Platforms.ActiveCfg = Debug|x86
		{D335B92F-681F-4E17-BE68-67937C89FF2C}.Debug|Mixed Platforms.Build.0 = Debug|x86
		{D335B92F-681F-4E17-BE68-67937C89FF2C}.Debug|x64.ActiveCfg = Debug|Any CPU
		{D335B92F-681F-4E17-BE68-67937C89FF2C}.Debug|x86.ActiveCfg = Debug|Any CPU
		{D335B92F-681F-4E17-BE68-67937C89FF2C}.Debug|x86.Build.0 = Debug|Any CPU
		{D335B92F-681F-4E17-BE68-67937C89FF2C}.DebugMOSTDB|Any CPU.ActiveCfg = Debug|Any CPU
		{D335B92F-681F-4E17-BE68-67937C89FF2C}.DebugMOSTDB|Any CPU.Build.0 = Debug|Any CPU
		{D335B92F-681F-4E17-BE68-67937C89FF2C}.DebugMOSTDB|Mixed Platforms.ActiveCfg = Debug|Any CPU
		{D335B92F-681F-4E17-BE68-67937C89FF2C}.DebugMOSTDB|Mixed Platforms.Build.0 = Debug|Any CPU
		{D335B92F-681F-4E17-BE68-67937C89FF2C}.DebugMOSTDB|x64.ActiveCfg = Debug|Any CPU
		{D335B92F-681F-4E17-BE68-67937C89FF2C}.DebugMOSTDB|x86.ActiveCfg = Debug|Any CPU
		{D335B92F-681F-4E17-BE68-67937C89FF2C}.DebugNoDelete|Any CPU.ActiveCfg = Debug|Any CPU
		{D335B92F-681F-4E17-BE68-67937C89FF2C}.DebugNoDelete|Any CPU.Build.0 = Debug|Any CPU
		{D335B92F-681F-4E17-BE68-67937C89FF2C}.DebugNoDelete|Mixed Platforms.ActiveCfg = Debug|Any CPU
		{D335B92F-681F-4E17-BE68-67937C89FF2C}.DebugNoDelete|Mixed Platforms.Build.0 = Debug|Any CPU
		{D335B92F-681F-4E17-BE68-67937C89FF2C}.DebugNoDelete|x64.ActiveCfg = Debug|Any CPU
		{D335B92F-681F-4E17-BE68-67937C89FF2C}.DebugNoDelete|x86.ActiveCfg = Debug|Any CPU
		{D335B92F-681F-4E17-BE68-67937C89FF2C}.DebugNoLR|Any CPU.ActiveCfg = Debug|Any CPU
		{D335B92F-681F-4E17-BE68-67937C89FF2C}.DebugNoLR|Any CPU.Build.0 = Debug|Any CPU
		{D335B92F-681F-4E17-BE68-67937C89FF2C}.DebugNoLR|Mixed Platforms.ActiveCfg = Debug|Any CPU
		{D335B92F-681F-4E17-BE68-67937C89FF2C}.DebugNoLR|Mixed Platforms.Build.0 = Debug|Any CPU
		{D335B92F-681F-4E17-BE68-67937C89FF2C}.DebugNoLR|x64.ActiveCfg = Debug|Any CPU
		{D335B92F-681F-4E17-BE68-67937C89FF2C}.DebugNoLR|x86.ActiveCfg = Debug|Any CPU
		{D335B92F-681F-4E17-BE68-67937C89FF2C}.DVD-5|Any CPU.ActiveCfg = Debug|Any CPU
		{D335B92F-681F-4E17-BE68-67937C89FF2C}.DVD-5|Any CPU.Build.0 = Debug|Any CPU
		{D335B92F-681F-4E17-BE68-67937C89FF2C}.DVD-5|Mixed Platforms.ActiveCfg = Debug|Any CPU
		{D335B92F-681F-4E17-BE68-67937C89FF2C}.DVD-5|Mixed Platforms.Build.0 = Debug|Any CPU
		{D335B92F-681F-4E17-BE68-67937C89FF2C}.DVD-5|x64.ActiveCfg = Debug|Any CPU
		{D335B92F-681F-4E17-BE68-67937C89FF2C}.DVD-5|x86.ActiveCfg = Debug|Any CPU
		{D335B92F-681F-4E17-BE68-67937C89FF2C}.Release|Any CPU.ActiveCfg = Debug|Any CPU
		{D335B92F-681F-4E17-BE68-67937C89FF2C}.Release|Any CPU.Build.0 = Debug|Any CPU
		{D335B92F-681F-4E17-BE68-67937C89FF2C}.Release|Mixed Platforms.ActiveCfg = Release|Any CPU
		{D335B92F-681F-4E17-BE68-67937C89FF2C}.Release|Mixed Platforms.Build.0 = Release|Any CPU
		{D335B92F-681F-4E17-BE68-67937C89FF2C}.Release|x64.ActiveCfg = Release|x64
		{D335B92F-681F-4E17-BE68-67937C89FF2C}.Release|x64.Build.0 = Release|x64
		{D335B92F-681F-4E17-BE68-67937C89FF2C}.Release|x86.ActiveCfg = Release|Any CPU
		{D335B92F-681F-4E17-BE68-67937C89FF2C}.ReleaseMostDB|Any CPU.ActiveCfg = Release|Any CPU
		{D335B92F-681F-4E17-BE68-67937C89FF2C}.ReleaseMostDB|Any CPU.Build.0 = Release|Any CPU
		{D335B92F-681F-4E17-BE68-67937C89FF2C}.ReleaseMostDB|Mixed Platforms.ActiveCfg = Release|Any CPU
		{D335B92F-681F-4E17-BE68-67937C89FF2C}.ReleaseMostDB|Mixed Platforms.Build.0 = Release|Any CPU
		{D335B92F-681F-4E17-BE68-67937C89FF2C}.ReleaseMostDB|x64.ActiveCfg = Release|Any CPU
		{D335B92F-681F-4E17-BE68-67937C89FF2C}.ReleaseMostDB|x86.ActiveCfg = Release|Any CPU
		{D335B92F-681F-4E17-BE68-67937C89FF2C}.SingleImage|Any CPU.ActiveCfg = Release|Any CPU
		{D335B92F-681F-4E17-BE68-67937C89FF2C}.SingleImage|Any CPU.Build.0 = Release|Any CPU
		{D335B92F-681F-4E17-BE68-67937C89FF2C}.SingleImage|Mixed Platforms.ActiveCfg = Release|Any CPU
		{D335B92F-681F-4E17-BE68-67937C89FF2C}.SingleImage|Mixed Platforms.Build.0 = Release|Any CPU
		{D335B92F-681F-4E17-BE68-67937C89FF2C}.SingleImage|x64.ActiveCfg = Release|Any CPU
		{D335B92F-681F-4E17-BE68-67937C89FF2C}.SingleImage|x86.ActiveCfg = Release|Any CPU
		{41325905-4806-4DF9-ACB1-CBD0D5987AA9}.CD_ROM|Any CPU.ActiveCfg = Release
		{41325905-4806-4DF9-ACB1-CBD0D5987AA9}.CD_ROM|Mixed Platforms.ActiveCfg = Release
		{41325905-4806-4DF9-ACB1-CBD0D5987AA9}.CD_ROM|x64.ActiveCfg = Release
		{41325905-4806-4DF9-ACB1-CBD0D5987AA9}.CD_ROM|x86.ActiveCfg = Release
		{41325905-4806-4DF9-ACB1-CBD0D5987AA9}.Debug|Any CPU.ActiveCfg = Debug
		{41325905-4806-4DF9-ACB1-CBD0D5987AA9}.Debug|Mixed Platforms.ActiveCfg = Debug
		{41325905-4806-4DF9-ACB1-CBD0D5987AA9}.Debug|x64.ActiveCfg = Debug
		{41325905-4806-4DF9-ACB1-CBD0D5987AA9}.Debug|x86.ActiveCfg = Debug
		{41325905-4806-4DF9-ACB1-CBD0D5987AA9}.DebugMOSTDB|Any CPU.ActiveCfg = Debug
		{41325905-4806-4DF9-ACB1-CBD0D5987AA9}.DebugMOSTDB|Mixed Platforms.ActiveCfg = Debug
		{41325905-4806-4DF9-ACB1-CBD0D5987AA9}.DebugMOSTDB|x64.ActiveCfg = Debug
		{41325905-4806-4DF9-ACB1-CBD0D5987AA9}.DebugMOSTDB|x86.ActiveCfg = Debug
		{41325905-4806-4DF9-ACB1-CBD0D5987AA9}.DebugNoDelete|Any CPU.ActiveCfg = Debug
		{41325905-4806-4DF9-ACB1-CBD0D5987AA9}.DebugNoDelete|Mixed Platforms.ActiveCfg = Debug
		{41325905-4806-4DF9-ACB1-CBD0D5987AA9}.DebugNoDelete|x64.ActiveCfg = Debug
		{41325905-4806-4DF9-ACB1-CBD0D5987AA9}.DebugNoDelete|x86.ActiveCfg = Debug
		{41325905-4806-4DF9-ACB1-CBD0D5987AA9}.DebugNoLR|Any CPU.ActiveCfg = Debug
		{41325905-4806-4DF9-ACB1-CBD0D5987AA9}.DebugNoLR|Mixed Platforms.ActiveCfg = Debug
		{41325905-4806-4DF9-ACB1-CBD0D5987AA9}.DebugNoLR|x64.ActiveCfg = Debug
		{41325905-4806-4DF9-ACB1-CBD0D5987AA9}.DebugNoLR|x86.ActiveCfg = Debug
		{41325905-4806-4DF9-ACB1-CBD0D5987AA9}.DVD-5|Any CPU.ActiveCfg = Debug
		{41325905-4806-4DF9-ACB1-CBD0D5987AA9}.DVD-5|Mixed Platforms.ActiveCfg = Debug
		{41325905-4806-4DF9-ACB1-CBD0D5987AA9}.DVD-5|x64.ActiveCfg = Debug
		{41325905-4806-4DF9-ACB1-CBD0D5987AA9}.DVD-5|x86.ActiveCfg = Debug
		{41325905-4806-4DF9-ACB1-CBD0D5987AA9}.Release|Any CPU.ActiveCfg = Release
		{41325905-4806-4DF9-ACB1-CBD0D5987AA9}.Release|Mixed Platforms.ActiveCfg = Release
		{41325905-4806-4DF9-ACB1-CBD0D5987AA9}.Release|x64.ActiveCfg = Release
		{41325905-4806-4DF9-ACB1-CBD0D5987AA9}.Release|x86.ActiveCfg = Release
		{41325905-4806-4DF9-ACB1-CBD0D5987AA9}.ReleaseMostDB|Any CPU.ActiveCfg = Release
		{41325905-4806-4DF9-ACB1-CBD0D5987AA9}.ReleaseMostDB|Mixed Platforms.ActiveCfg = Release
		{41325905-4806-4DF9-ACB1-CBD0D5987AA9}.ReleaseMostDB|x64.ActiveCfg = Release
		{41325905-4806-4DF9-ACB1-CBD0D5987AA9}.ReleaseMostDB|x86.ActiveCfg = Release
		{41325905-4806-4DF9-ACB1-CBD0D5987AA9}.SingleImage|Any CPU.ActiveCfg = Release
		{41325905-4806-4DF9-ACB1-CBD0D5987AA9}.SingleImage|Mixed Platforms.ActiveCfg = Release
		{41325905-4806-4DF9-ACB1-CBD0D5987AA9}.SingleImage|x64.ActiveCfg = Release
		{41325905-4806-4DF9-ACB1-CBD0D5987AA9}.SingleImage|x86.ActiveCfg = Release
		{73DC7A34-1E23-44EA-8DB8-A7B2B9AE8A21}.CD_ROM|Any CPU.ActiveCfg = Release
		{73DC7A34-1E23-44EA-8DB8-A7B2B9AE8A21}.CD_ROM|Mixed Platforms.ActiveCfg = Release
		{73DC7A34-1E23-44EA-8DB8-A7B2B9AE8A21}.CD_ROM|x64.ActiveCfg = Release
		{73DC7A34-1E23-44EA-8DB8-A7B2B9AE8A21}.CD_ROM|x86.ActiveCfg = Release
		{73DC7A34-1E23-44EA-8DB8-A7B2B9AE8A21}.Debug|Any CPU.ActiveCfg = Debug
		{73DC7A34-1E23-44EA-8DB8-A7B2B9AE8A21}.Debug|Mixed Platforms.ActiveCfg = Debug
		{73DC7A34-1E23-44EA-8DB8-A7B2B9AE8A21}.Debug|x64.ActiveCfg = Debug
		{73DC7A34-1E23-44EA-8DB8-A7B2B9AE8A21}.Debug|x86.ActiveCfg = Debug
		{73DC7A34-1E23-44EA-8DB8-A7B2B9AE8A21}.DebugMOSTDB|Any CPU.ActiveCfg = Debug
		{73DC7A34-1E23-44EA-8DB8-A7B2B9AE8A21}.DebugMOSTDB|Mixed Platforms.ActiveCfg = Debug
		{73DC7A34-1E23-44EA-8DB8-A7B2B9AE8A21}.DebugMOSTDB|x64.ActiveCfg = Debug
		{73DC7A34-1E23-44EA-8DB8-A7B2B9AE8A21}.DebugMOSTDB|x86.ActiveCfg = Debug
		{73DC7A34-1E23-44EA-8DB8-A7B2B9AE8A21}.DebugNoDelete|Any CPU.ActiveCfg = Debug
		{73DC7A34-1E23-44EA-8DB8-A7B2B9AE8A21}.DebugNoDelete|Mixed Platforms.ActiveCfg = Debug
		{73DC7A34-1E23-44EA-8DB8-A7B2B9AE8A21}.DebugNoDelete|x64.ActiveCfg = Debug
		{73DC7A34-1E23-44EA-8DB8-A7B2B9AE8A21}.DebugNoDelete|x86.ActiveCfg = Debug
		{73DC7A34-1E23-44EA-8DB8-A7B2B9AE8A21}.DebugNoLR|Any CPU.ActiveCfg = Debug
		{73DC7A34-1E23-44EA-8DB8-A7B2B9AE8A21}.DebugNoLR|Mixed Platforms.ActiveCfg = Debug
		{73DC7A34-1E23-44EA-8DB8-A7B2B9AE8A21}.DebugNoLR|x64.ActiveCfg = Debug
		{73DC7A34-1E23-44EA-8DB8-A7B2B9AE8A21}.DebugNoLR|x86.ActiveCfg = Debug
		{73DC7A34-1E23-44EA-8DB8-A7B2B9AE8A21}.DVD-5|Any CPU.ActiveCfg = Debug
		{73DC7A34-1E23-44EA-8DB8-A7B2B9AE8A21}.DVD-5|Mixed Platforms.ActiveCfg = Debug
		{73DC7A34-1E23-44EA-8DB8-A7B2B9AE8A21}.DVD-5|x64.ActiveCfg = Debug
		{73DC7A34-1E23-44EA-8DB8-A7B2B9AE8A21}.DVD-5|x86.ActiveCfg = Debug
		{73DC7A34-1E23-44EA-8DB8-A7B2B9AE8A21}.Release|Any CPU.ActiveCfg = Release
		{73DC7A34-1E23-44EA-8DB8-A7B2B9AE8A21}.Release|Mixed Platforms.ActiveCfg = Release
		{73DC7A34-1E23-44EA-8DB8-A7B2B9AE8A21}.Release|x64.ActiveCfg = Release
		{73DC7A34-1E23-44EA-8DB8-A7B2B9AE8A21}.Release|x86.ActiveCfg = Release
		{73DC7A34-1E23-44EA-8DB8-A7B2B9AE8A21}.ReleaseMostDB|Any CPU.ActiveCfg = Release
		{73DC7A34-1E23-44EA-8DB8-A7B2B9AE8A21}.ReleaseMostDB|Mixed Platforms.ActiveCfg = Release
		{73DC7A34-1E23-44EA-8DB8-A7B2B9AE8A21}.ReleaseMostDB|x64.ActiveCfg = Release
		{73DC7A34-1E23-44EA-8DB8-A7B2B9AE8A21}.ReleaseMostDB|x86.ActiveCfg = Release
		{73DC7A34-1E23-44EA-8DB8-A7B2B9AE8A21}.SingleImage|Any CPU.ActiveCfg = Release
		{73DC7A34-1E23-44EA-8DB8-A7B2B9AE8A21}.SingleImage|Mixed Platforms.ActiveCfg = Release
		{73DC7A34-1E23-44EA-8DB8-A7B2B9AE8A21}.SingleImage|x64.ActiveCfg = Release
		{73DC7A34-1E23-44EA-8DB8-A7B2B9AE8A21}.SingleImage|x86.ActiveCfg = Release
		{09B4FC2F-123E-4F9A-AB67-6117135B7ECB}.CD_ROM|Any CPU.ActiveCfg = Release
		{09B4FC2F-123E-4F9A-AB67-6117135B7ECB}.CD_ROM|Mixed Platforms.ActiveCfg = Release
		{09B4FC2F-123E-4F9A-AB67-6117135B7ECB}.CD_ROM|x64.ActiveCfg = Release
		{09B4FC2F-123E-4F9A-AB67-6117135B7ECB}.CD_ROM|x86.ActiveCfg = Release
		{09B4FC2F-123E-4F9A-AB67-6117135B7ECB}.Debug|Any CPU.ActiveCfg = Debug
		{09B4FC2F-123E-4F9A-AB67-6117135B7ECB}.Debug|Mixed Platforms.ActiveCfg = Debug
		{09B4FC2F-123E-4F9A-AB67-6117135B7ECB}.Debug|x64.ActiveCfg = Debug
		{09B4FC2F-123E-4F9A-AB67-6117135B7ECB}.Debug|x86.ActiveCfg = Debug
		{09B4FC2F-123E-4F9A-AB67-6117135B7ECB}.DebugMOSTDB|Any CPU.ActiveCfg = Debug
		{09B4FC2F-123E-4F9A-AB67-6117135B7ECB}.DebugMOSTDB|Mixed Platforms.ActiveCfg = Debug
		{09B4FC2F-123E-4F9A-AB67-6117135B7ECB}.DebugMOSTDB|x64.ActiveCfg = Debug
		{09B4FC2F-123E-4F9A-AB67-6117135B7ECB}.DebugMOSTDB|x86.ActiveCfg = Debug
		{09B4FC2F-123E-4F9A-AB67-6117135B7ECB}.DebugNoDelete|Any CPU.ActiveCfg = Debug
		{09B4FC2F-123E-4F9A-AB67-6117135B7ECB}.DebugNoDelete|Mixed Platforms.ActiveCfg = Debug
		{09B4FC2F-123E-4F9A-AB67-6117135B7ECB}.DebugNoDelete|x64.ActiveCfg = Debug
		{09B4FC2F-123E-4F9A-AB67-6117135B7ECB}.DebugNoDelete|x86.ActiveCfg = Debug
		{09B4FC2F-123E-4F9A-AB67-6117135B7ECB}.DebugNoLR|Any CPU.ActiveCfg = Debug
		{09B4FC2F-123E-4F9A-AB67-6117135B7ECB}.DebugNoLR|Mixed Platforms.ActiveCfg = Debug
		{09B4FC2F-123E-4F9A-AB67-6117135B7ECB}.DebugNoLR|x64.ActiveCfg = Debug
		{09B4FC2F-123E-4F9A-AB67-6117135B7ECB}.DebugNoLR|x86.ActiveCfg = Debug
		{09B4FC2F-123E-4F9A-AB67-6117135B7ECB}.DVD-5|Any CPU.ActiveCfg = Debug
		{09B4FC2F-123E-4F9A-AB67-6117135B7ECB}.DVD-5|Mixed Platforms.ActiveCfg = Debug
		{09B4FC2F-123E-4F9A-AB67-6117135B7ECB}.DVD-5|x64.ActiveCfg = Debug
		{09B4FC2F-123E-4F9A-AB67-6117135B7ECB}.DVD-5|x86.ActiveCfg = Debug
		{09B4FC2F-123E-4F9A-AB67-6117135B7ECB}.Release|Any CPU.ActiveCfg = Release
		{09B4FC2F-123E-4F9A-AB67-6117135B7ECB}.Release|Mixed Platforms.ActiveCfg = Release
		{09B4FC2F-123E-4F9A-AB67-6117135B7ECB}.Release|x64.ActiveCfg = Release
		{09B4FC2F-123E-4F9A-AB67-6117135B7ECB}.Release|x86.ActiveCfg = Release
		{09B4FC2F-123E-4F9A-AB67-6117135B7ECB}.ReleaseMostDB|Any CPU.ActiveCfg = Release
		{09B4FC2F-123E-4F9A-AB67-6117135B7ECB}.ReleaseMostDB|Mixed Platforms.ActiveCfg = Release
		{09B4FC2F-123E-4F9A-AB67-6117135B7ECB}.ReleaseMostDB|x64.ActiveCfg = Release
		{09B4FC2F-123E-4F9A-AB67-6117135B7ECB}.ReleaseMostDB|x86.ActiveCfg = Release
		{09B4FC2F-123E-4F9A-AB67-6117135B7ECB}.SingleImage|Any CPU.ActiveCfg = Release
		{09B4FC2F-123E-4F9A-AB67-6117135B7ECB}.SingleImage|Mixed Platforms.ActiveCfg = Release
		{09B4FC2F-123E-4F9A-AB67-6117135B7ECB}.SingleImage|x64.ActiveCfg = Release
		{09B4FC2F-123E-4F9A-AB67-6117135B7ECB}.SingleImage|x86.ActiveCfg = Release
	EndGlobalSection
	GlobalSection(SolutionProperties) = preSolution
		HideSolutionNode = FALSE
	EndGlobalSection
	GlobalSection(ExtensibilityGlobals) = postSolution
		SolutionGuid = {4CD0808E-ADD0-400F-ADBE-AF03A3D94606}
	EndGlobalSection
	GlobalSection(SubversionScc) = preSolution
		Svn-Managed = True
		Manager = AnkhSVN - Subversion Support for Visual Studio
	EndGlobalSection
EndGlobal
