
Microsoft Visual Studio Solution File, Format Version 12.00
# Visual Studio 2013
VisualStudioVersion = 12.0.21005.1
MinimumVisualStudioVersion = 10.0.40219.1
Project("{F184B08F-C81C-45F6-A57F-5ABD9991F28F}") = "LogicalAccessManager V1.0", "LogicalAccessManager V1.0\LogicalAccessManager V1.0.vbproj", "{F154D848-A8C6-4757-8C87-3936A54DA073}"
EndProject
Project("{F184B08F-C81C-45F6-A57F-5ABD9991F28F}") = "Library.Core", "..\..\..\..\Desktop\WBSS\LDAP\Library.Core\Library.Core\Library.Core.vbproj", "{8BB28D0C-9CB8-4D21-A3C0-14ED46922E47}"
EndProject
Global
	GlobalSection(SubversionScc) = preSolution
		Svn-Managed = True
		Manager = AnkhSVN - Subversion Support for Visual Studio
	EndGlobalSection
	GlobalSection(SolutionConfigurationPlatforms) = preSolution
		Debug|Any CPU = Debug|Any CPU
		Debug|x64 = Debug|x64
		Debug|x64 bit = Debug|x64 bit
		Debug|x86 = Debug|x86
		Release|Any CPU = Release|Any CPU
		Release|x64 = Release|x64
		Release|x64 bit = Release|x64 bit
		Release|x86 = Release|x86
	EndGlobalSection
	GlobalSection(ProjectConfigurationPlatforms) = postSolution
		{F154D848-A8C6-4757-8C87-3936A54DA073}.Debug|Any CPU.ActiveCfg = Debug|Any CPU
		{F154D848-A8C6-4757-8C87-3936A54DA073}.Debug|Any CPU.Build.0 = Debug|Any CPU
		{F154D848-A8C6-4757-8C87-3936A54DA073}.Debug|x64.ActiveCfg = Debug|x64
		{F154D848-A8C6-4757-8C87-3936A54DA073}.Debug|x64.Build.0 = Debug|x64
		{F154D848-A8C6-4757-8C87-3936A54DA073}.Debug|x64 bit.ActiveCfg = Debug|x64
		{F154D848-A8C6-4757-8C87-3936A54DA073}.Debug|x64 bit.Build.0 = Debug|x64
		{F154D848-A8C6-4757-8C87-3936A54DA073}.Debug|x86.ActiveCfg = Debug|x86
		{F154D848-A8C6-4757-8C87-3936A54DA073}.Debug|x86.Build.0 = Debug|x86
		{F154D848-A8C6-4757-8C87-3936A54DA073}.Release|Any CPU.ActiveCfg = Release|Any CPU
		{F154D848-A8C6-4757-8C87-3936A54DA073}.Release|Any CPU.Build.0 = Release|Any CPU
		{F154D848-A8C6-4757-8C87-3936A54DA073}.Release|x64.ActiveCfg = Release|x64
		{F154D848-A8C6-4757-8C87-3936A54DA073}.Release|x64.Build.0 = Release|x64
		{F154D848-A8C6-4757-8C87-3936A54DA073}.Release|x64 bit.ActiveCfg = Release|x64
		{F154D848-A8C6-4757-8C87-3936A54DA073}.Release|x64 bit.Build.0 = Release|x64
		{F154D848-A8C6-4757-8C87-3936A54DA073}.Release|x86.ActiveCfg = Release|x86
		{F154D848-A8C6-4757-8C87-3936A54DA073}.Release|x86.Build.0 = Release|x86
		{8BB28D0C-9CB8-4D21-A3C0-14ED46922E47}.Debug|Any CPU.ActiveCfg = Debug|Any CPU
		{8BB28D0C-9CB8-4D21-A3C0-14ED46922E47}.Debug|Any CPU.Build.0 = Debug|Any CPU
		{8BB28D0C-9CB8-4D21-A3C0-14ED46922E47}.Debug|x64.ActiveCfg = Debug|x64
		{8BB28D0C-9CB8-4D21-A3C0-14ED46922E47}.Debug|x64.Build.0 = Debug|x64
		{8BB28D0C-9CB8-4D21-A3C0-14ED46922E47}.Debug|x64 bit.ActiveCfg = Debug|Any CPU
		{8BB28D0C-9CB8-4D21-A3C0-14ED46922E47}.Debug|x86.ActiveCfg = Debug|x86
		{8BB28D0C-9CB8-4D21-A3C0-14ED46922E47}.Debug|x86.Build.0 = Debug|x86
		{8BB28D0C-9CB8-4D21-A3C0-14ED46922E47}.Release|Any CPU.ActiveCfg = Release|Any CPU
		{8BB28D0C-9CB8-4D21-A3C0-14ED46922E47}.Release|Any CPU.Build.0 = Release|Any CPU
		{8BB28D0C-9CB8-4D21-A3C0-14ED46922E47}.Release|x64.ActiveCfg = Release|x64
		{8BB28D0C-9CB8-4D21-A3C0-14ED46922E47}.Release|x64.Build.0 = Release|x64
		{8BB28D0C-9CB8-4D21-A3C0-14ED46922E47}.Release|x64 bit.ActiveCfg = Release|Any CPU
		{8BB28D0C-9CB8-4D21-A3C0-14ED46922E47}.Release|x86.ActiveCfg = Release|x86
		{8BB28D0C-9CB8-4D21-A3C0-14ED46922E47}.Release|x86.Build.0 = Release|x86
	EndGlobalSection
	GlobalSection(SolutionProperties) = preSolution
		HideSolutionNode = FALSE
	EndGlobalSection
EndGlobal
